
Microsoft Visual Studio Solution File, Format Version 12.00
# Visual Studio 14
VisualStudioVersion = 14.0.25420.1
MinimumVisualStudioVersion = 10.0.40219.1
Project("{FAE04EC0-301F-11D3-BF4B-00C04F79EFBC}") = "Puzzle", "Puzzle\Puzzle.csproj", "{9876D35A-79F4-42F0-BBF0-CFBB630126FC}"
EndProject
Project("{FAE04EC0-301F-11D3-BF4B-00C04F79EFBC}") = "Puzzle.Tests", "Puzzle.Tests\Puzzle.Tests.csproj", "{1A91730B-42C9-494C-97B4-653D74E8460F}"
EndProject
Project("{FAE04EC0-301F-11D3-BF4B-00C04F79EFBC}") = "Puzzle.Service", "Puzzle.Data\Puzzle.Service.csproj", "{5851AF30-0B92-4701-908E-E4798E05995E}"
EndProject
Global
	GlobalSection(SolutionConfigurationPlatforms) = preSolution
		Debug|Any CPU = Debug|Any CPU
		Release|Any CPU = Release|Any CPU
	EndGlobalSection
	GlobalSection(ProjectConfigurationPlatforms) = postSolution
		{9876D35A-79F4-42F0-BBF0-CFBB630126FC}.Debug|Any CPU.ActiveCfg = Debug|Any CPU
		{9876D35A-79F4-42F0-BBF0-CFBB630126FC}.Debug|Any CPU.Build.0 = Debug|Any CPU
		{9876D35A-79F4-42F0-BBF0-CFBB630126FC}.Release|Any CPU.ActiveCfg = Release|Any CPU
		{9876D35A-79F4-42F0-BBF0-CFBB630126FC}.Release|Any CPU.Build.0 = Release|Any CPU
		{1A91730B-42C9-494C-97B4-653D74E8460F}.Debug|Any CPU.ActiveCfg = Debug|Any CPU
		{1A91730B-42C9-494C-97B4-653D74E8460F}.Debug|Any CPU.Build.0 = Debug|Any CPU
		{1A91730B-42C9-494C-97B4-653D74E8460F}.Release|Any CPU.ActiveCfg = Release|Any CPU
		{1A91730B-42C9-494C-97B4-653D74E8460F}.Release|Any CPU.Build.0 = Release|Any CPU
		{5851AF30-0B92-4701-908E-E4798E05995E}.Debug|Any CPU.ActiveCfg = Debug|Any CPU
		{5851AF30-0B92-4701-908E-E4798E05995E}.Debug|Any CPU.Build.0 = Debug|Any CPU
		{5851AF30-0B92-4701-908E-E4798E05995E}.Release|Any CPU.ActiveCfg = Release|Any CPU
		{5851AF30-0B92-4701-908E-E4798E05995E}.Release|Any CPU.Build.0 = Release|Any CPU
	EndGlobalSection
	GlobalSection(SolutionProperties) = preSolution
		HideSolutionNode = FALSE
	EndGlobalSection
EndGlobal
